// !$*UTF8*$!
{
	archiveVersion = 1;
	classes = {
	};
	objectVersion = 46;
	objects = {

/* Begin PBXBuildFile section */
		5B4DDF151F15622800A9D12D /* RatingControl.swift in Sources */ = {isa = PBXBuildFile; fileRef = 5B4DDF141F15622800A9D12D /* RatingControl.swift */; };
		5BB9A9321F0D842E00BC5BAC /* AppDelegate.swift in Sources */ = {isa = PBXBuildFile; fileRef = 5BB9A9311F0D842E00BC5BAC /* AppDelegate.swift */; };
		5BB9A9341F0D842E00BC5BAC /* ViewController.swift in Sources */ = {isa = PBXBuildFile; fileRef = 5BB9A9331F0D842E00BC5BAC /* ViewController.swift */; };
		5BB9A9371F0D842E00BC5BAC /* Main.storyboard in Resources */ = {isa = PBXBuildFile; fileRef = 5BB9A9351F0D842E00BC5BAC /* Main.storyboard */; };
		5BB9A9391F0D842E00BC5BAC /* Assets.xcassets in Resources */ = {isa = PBXBuildFile; fileRef = 5BB9A9381F0D842E00BC5BAC /* Assets.xcassets */; };
		5BB9A93C1F0D842E00BC5BAC /* LaunchScreen.storyboard in Resources */ = {isa = PBXBuildFile; fileRef = 5BB9A93A1F0D842E00BC5BAC /* LaunchScreen.storyboard */; };
		5BB9A9471F0D842E00BC5BAC /* FoodTrackerTests.swift in Sources */ = {isa = PBXBuildFile; fileRef = 5BB9A9461F0D842E00BC5BAC /* FoodTrackerTests.swift */; };
/* End PBXBuildFile section */

/* Begin PBXContainerItemProxy section */
		5BB9A9431F0D842E00BC5BAC /* PBXContainerItemProxy */ = {
			isa = PBXContainerItemProxy;
			containerPortal = 5BB9A9261F0D842E00BC5BAC /* Project object */;
			proxyType = 1;
			remoteGlobalIDString = 5BB9A92D1F0D842E00BC5BAC;
			remoteInfo = FoodTracker;
		};
/* End PBXContainerItemProxy section */

/* Begin PBXFileReference section */
		5B4DDF141F15622800A9D12D /* RatingControl.swift */ = {isa = PBXFileReference; fileEncoding = 4; lastKnownFileType = sourcecode.swift; path = RatingControl.swift; sourceTree = "<group>"; };
		5BB9A92E1F0D842E00BC5BAC /* FoodTracker.app */ = {isa = PBXFileReference; explicitFileType = wrapper.application; includeInIndex = 0; path = FoodTracker.app; sourceTree = BUILT_PRODUCTS_DIR; };
		5BB9A9311F0D842E00BC5BAC /* AppDelegate.swift */ = {isa = PBXFileReference; lastKnownFileType = sourcecode.swift; path = AppDelegate.swift; sourceTree = "<group>"; };
		5BB9A9331F0D842E00BC5BAC /* ViewController.swift */ = {isa = PBXFileReference; lastKnownFileType = sourcecode.swift; path = ViewController.swift; sourceTree = "<group>"; };
		5BB9A9361F0D842E00BC5BAC /* Base */ = {isa = PBXFileReference; lastKnownFileType = file.storyboard; name = Base; path = Base.lproj/Main.storyboard; sourceTree = "<group>"; };
		5BB9A9381F0D842E00BC5BAC /* Assets.xcassets */ = {isa = PBXFileReference; lastKnownFileType = folder.assetcatalog; path = Assets.xcassets; sourceTree = "<group>"; };
		5BB9A93B1F0D842E00BC5BAC /* Base */ = {isa = PBXFileReference; lastKnownFileType = file.storyboard; name = Base; path = Base.lproj/LaunchScreen.storyboard; sourceTree = "<group>"; };
		5BB9A93D1F0D842E00BC5BAC /* Info.plist */ = {isa = PBXFileReference; lastKnownFileType = text.plist.xml; path = Info.plist; sourceTree = "<group>"; };
		5BB9A9421F0D842E00BC5BAC /* FoodTrackerTests.xctest */ = {isa = PBXFileReference; explicitFileType = wrapper.cfbundle; includeInIndex = 0; path = FoodTrackerTests.xctest; sourceTree = BUILT_PRODUCTS_DIR; };
		5BB9A9461F0D842E00BC5BAC /* FoodTrackerTests.swift */ = {isa = PBXFileReference; lastKnownFileType = sourcecode.swift; path = FoodTrackerTests.swift; sourceTree = "<group>"; };
		5BB9A9481F0D842E00BC5BAC /* Info.plist */ = {isa = PBXFileReference; lastKnownFileType = text.plist.xml; path = Info.plist; sourceTree = "<group>"; };
/* End PBXFileReference section */

/* Begin PBXFrameworksBuildPhase section */
		5BB9A92B1F0D842E00BC5BAC /* Frameworks */ = {
			isa = PBXFrameworksBuildPhase;
			buildActionMask = 2147483647;
			files = (
			);
			runOnlyForDeploymentPostprocessing = 0;
		};
		5BB9A93F1F0D842E00BC5BAC /* Frameworks */ = {
			isa = PBXFrameworksBuildPhase;
			buildActionMask = 2147483647;
			files = (
			);
			runOnlyForDeploymentPostprocessing = 0;
		};
/* End PBXFrameworksBuildPhase section */

/* Begin PBXGroup section */
		5BB9A9251F0D842E00BC5BAC = {
			isa = PBXGroup;
			children = (
				5BB9A9301F0D842E00BC5BAC /* FoodTracker */,
				5BB9A9451F0D842E00BC5BAC /* FoodTrackerTests */,
				5BB9A92F1F0D842E00BC5BAC /* Products */,
			);
			sourceTree = "<group>";
		};
		5BB9A92F1F0D842E00BC5BAC /* Products */ = {
			isa = PBXGroup;
			children = (
				5BB9A92E1F0D842E00BC5BAC /* FoodTracker.app */,
				5BB9A9421F0D842E00BC5BAC /* FoodTrackerTests.xctest */,
			);
			name = Products;
			sourceTree = "<group>";
		};
		5BB9A9301F0D842E00BC5BAC /* FoodTracker */ = {
			isa = PBXGroup;
			children = (
				5BB9A9311F0D842E00BC5BAC /* AppDelegate.swift */,
				5BB9A9331F0D842E00BC5BAC /* ViewController.swift */,
				5B4DDF141F15622800A9D12D /* RatingControl.swift */,
				5BB9A9351F0D842E00BC5BAC /* Main.storyboard */,
				5BB9A9381F0D842E00BC5BAC /* Assets.xcassets */,
				5BB9A93A1F0D842E00BC5BAC /* LaunchScreen.storyboard */,
				5BB9A93D1F0D842E00BC5BAC /* Info.plist */,
			);
			path = FoodTracker;
			sourceTree = "<group>";
		};
		5BB9A9451F0D842E00BC5BAC /* FoodTrackerTests */ = {
			isa = PBXGroup;
			children = (
				5BB9A9461F0D842E00BC5BAC /* FoodTrackerTests.swift */,
				5BB9A9481F0D842E00BC5BAC /* Info.plist */,
			);
			path = FoodTrackerTests;
			sourceTree = "<group>";
		};
/* End PBXGroup section */

/* Begin PBXNativeTarget section */
		5BB9A92D1F0D842E00BC5BAC /* FoodTracker */ = {
			isa = PBXNativeTarget;
			buildConfigurationList = 5BB9A94B1F0D842E00BC5BAC /* Build configuration list for PBXNativeTarget "FoodTracker" */;
			buildPhases = (
				5BB9A92A1F0D842E00BC5BAC /* Sources */,
				5BB9A92B1F0D842E00BC5BAC /* Frameworks */,
				5BB9A92C1F0D842E00BC5BAC /* Resources */,
			);
			buildRules = (
			);
			dependencies = (
			);
			name = FoodTracker;
			productName = FoodTracker;
			productReference = 5BB9A92E1F0D842E00BC5BAC /* FoodTracker.app */;
			productType = "com.apple.product-type.application";
		};
		5BB9A9411F0D842E00BC5BAC /* FoodTrackerTests */ = {
			isa = PBXNativeTarget;
			buildConfigurationList = 5BB9A94E1F0D842E00BC5BAC /* Build configuration list for PBXNativeTarget "FoodTrackerTests" */;
			buildPhases = (
				5BB9A93E1F0D842E00BC5BAC /* Sources */,
				5BB9A93F1F0D842E00BC5BAC /* Frameworks */,
				5BB9A9401F0D842E00BC5BAC /* Resources */,
			);
			buildRules = (
			);
			dependencies = (
				5BB9A9441F0D842E00BC5BAC /* PBXTargetDependency */,
			);
			name = FoodTrackerTests;
			productName = FoodTrackerTests;
			productReference = 5BB9A9421F0D842E00BC5BAC /* FoodTrackerTests.xctest */;
			productType = "com.apple.product-type.bundle.unit-test";
		};
/* End PBXNativeTarget section */

/* Begin PBXProject section */
		5BB9A9261F0D842E00BC5BAC /* Project object */ = {
			isa = PBXProject;
			attributes = {
				LastSwiftUpdateCheck = 0830;
				LastUpgradeCheck = 0830;
				ORGANIZATIONNAME = "David Janas";
				TargetAttributes = {
					5BB9A92D1F0D842E00BC5BAC = {
						CreatedOnToolsVersion = 8.3.3;
						ProvisioningStyle = Automatic;
					};
					5BB9A9411F0D842E00BC5BAC = {
						CreatedOnToolsVersion = 8.3.3;
						ProvisioningStyle = Automatic;
						TestTargetID = 5BB9A92D1F0D842E00BC5BAC;
					};
				};
			};
			buildConfigurationList = 5BB9A9291F0D842E00BC5BAC /* Build configuration list for PBXProject "FoodTracker" */;
			compatibilityVersion = "Xcode 3.2";
			developmentRegion = English;
			hasScannedForEncodings = 0;
			knownRegions = (
				en,
				Base,
			);
			mainGroup = 5BB9A9251F0D842E00BC5BAC;
			productRefGroup = 5BB9A92F1F0D842E00BC5BAC /* Products */;
			projectDirPath = "";
			projectRoot = "";
			targets = (
				5BB9A92D1F0D842E00BC5BAC /* FoodTracker */,
				5BB9A9411F0D842E00BC5BAC /* FoodTrackerTests */,
			);
		};
/* End PBXProject section */

/* Begin PBXResourcesBuildPhase section */
		5BB9A92C1F0D842E00BC5BAC /* Resources */ = {
			isa = PBXResourcesBuildPhase;
			buildActionMask = 2147483647;
			files = (
				5BB9A93C1F0D842E00BC5BAC /* LaunchScreen.storyboard in Resources */,
				5BB9A9391F0D842E00BC5BAC /* Assets.xcassets in Resources */,
				5BB9A9371F0D842E00BC5BAC /* Main.storyboard in Resources */,
			);
			runOnlyForDeploymentPostprocessing = 0;
		};
		5BB9A9401F0D842E00BC5BAC /* Resources */ = {
			isa = PBXResourcesBuildPhase;
			buildActionMask = 2147483647;
			files = (
			);
			runOnlyForDeploymentPostprocessing = 0;
		};
/* End PBXResourcesBuildPhase section */

/* Begin PBXSourcesBuildPhase section */
		5BB9A92A1F0D842E00BC5BAC /* Sources */ = {
			isa = PBXSourcesBuildPhase;
			buildActionMask = 2147483647;
			files = (
				5BB9A9341F0D842E00BC5BAC /* ViewController.swift in Sources */,
				5B4DDF151F15622800A9D12D /* RatingControl.swift in Sources */,
				5BB9A9321F0D842E00BC5BAC /* AppDelegate.swift in Sources */,
			);
			runOnlyForDeploymentPostprocessing = 0;
		};
		5BB9A93E1F0D842E00BC5BAC /* Sources */ = {
			isa = PBXSourcesBuildPhase;
			buildActionMask = 2147483647;
			files = (
				5BB9A9471F0D842E00BC5BAC /* FoodTrackerTests.swift in Sources */,
			);
			runOnlyForDeploymentPostprocessing = 0;
		};
/* End PBXSourcesBuildPhase section */

/* Begin PBXTargetDependency section */
		5BB9A9441F0D842E00BC5BAC /* PBXTargetDependency */ = {
			isa = PBXTargetDependency;
			target = 5BB9A92D1F0D842E00BC5BAC /* FoodTracker */;
			targetProxy = 5BB9A9431F0D842E00BC5BAC /* PBXContainerItemProxy */;
		};
/* End PBXTargetDependency section */

/* Begin PBXVariantGroup section */
		5BB9A9351F0D842E00BC5BAC /* Main.storyboard */ = {
			isa = PBXVariantGroup;
			children = (
				5BB9A9361F0D842E00BC5BAC /* Base */,
			);
			name = Main.storyboard;
			sourceTree = "<group>";
		};
		5BB9A93A1F0D842E00BC5BAC /* LaunchScreen.storyboard */ = {
			isa = PBXVariantGroup;
			children = (
				5BB9A93B1F0D842E00BC5BAC /* Base */,
			);
			name = LaunchScreen.storyboard;
			sourceTree = "<group>";
		};
/* End PBXVariantGroup section */

/* Begin XCBuildConfiguration section */
		5BB9A9491F0D842E00BC5BAC /* Debug */ = {
			isa = XCBuildConfiguration;
			buildSettings = {
				ALWAYS_SEARCH_USER_PATHS = NO;
				CLANG_ANALYZER_NONNULL = YES;
				CLANG_ANALYZER_NUMBER_OBJECT_CONVERSION = YES_AGGRESSIVE;
				CLANG_CXX_LANGUAGE_STANDARD = "gnu++0x";
				CLANG_CXX_LIBRARY = "libc++";
				CLANG_ENABLE_MODULES = YES;
				CLANG_ENABLE_OBJC_ARC = YES;
				CLANG_WARN_BOOL_CONVERSION = YES;
				CLANG_WARN_CONSTANT_CONVERSION = YES;
				CLANG_WARN_DIRECT_OBJC_ISA_USAGE = YES_ERROR;
				CLANG_WARN_DOCUMENTATION_COMMENTS = YES;
				CLANG_WARN_EMPTY_BODY = YES;
				CLANG_WARN_ENUM_CONVERSION = YES;
				CLANG_WARN_INFINITE_RECURSION = YES;
				CLANG_WARN_INT_CONVERSION = YES;
				CLANG_WARN_OBJC_ROOT_CLASS = YES_ERROR;
				CLANG_WARN_SUSPICIOUS_MOVE = YES;
				CLANG_WARN_UNREACHABLE_CODE = YES;
				CLANG_WARN__DUPLICATE_METHOD_MATCH = YES;
				"CODE_SIGN_IDENTITY[sdk=iphoneos*]" = "iPhone Developer";
				COPY_PHASE_STRIP = NO;
				DEBUG_INFORMATION_FORMAT = dwarf;
				ENABLE_STRICT_OBJC_MSGSEND = YES;
				ENABLE_TESTABILITY = YES;
				GCC_C_LANGUAGE_STANDARD = gnu99;
				GCC_DYNAMIC_NO_PIC = NO;
				GCC_NO_COMMON_BLOCKS = YES;
				GCC_OPTIMIZATION_LEVEL = 0;
				GCC_PREPROCESSOR_DEFINITIONS = (
					"DEBUG=1",
					"$(inherited)",
				);
				GCC_WARN_64_TO_32_BIT_CONVERSION = YES;
				GCC_WARN_ABOUT_RETURN_TYPE = YES_ERROR;
				GCC_WARN_UNDECLARED_SELECTOR = YES;
				GCC_WARN_UNINITIALIZED_AUTOS = YES_AGGRESSIVE;
				GCC_WARN_UNUSED_FUNCTION = YES;
				GCC_WARN_UNUSED_VARIABLE = YES;
				IPHONEOS_DEPLOYMENT_TARGET = 10.3;
				MTL_ENABLE_DEBUG_INFO = YES;
				ONLY_ACTIVE_ARCH = YES;
				SDKROOT = iphoneos;
				SWIFT_ACTIVE_COMPILATION_CONDITIONS = DEBUG;
				SWIFT_OPTIMIZATION_LEVEL = "-Onone";
				TARGETED_DEVICE_FAMILY = "1,2";
			};
			name = Debug;
		};
		5BB9A94A1F0D842E00BC5BAC /* Release */ = {
			isa = XCBuildConfiguration;
			buildSettings = {
				ALWAYS_SEARCH_USER_PATHS = NO;
				CLANG_ANALYZER_NONNULL = YES;
				CLANG_ANALYZER_NUMBER_OBJECT_CONVERSION = YES_AGGRESSIVE;
				CLANG_CXX_LANGUAGE_STANDARD = "gnu++0x";
				CLANG_CXX_LIBRARY = "libc++";
				CLANG_ENABLE_MODULES = YES;
				CLANG_ENABLE_OBJC_ARC = YES;
				CLANG_WARN_BOOL_CONVERSION = YES;
				CLANG_WARN_CONSTANT_CONVERSION = YES;
				CLANG_WARN_DIRECT_OBJC_ISA_USAGE = YES_ERROR;
				CLANG_WARN_DOCUMENTATION_COMMENTS = YES;
				CLANG_WARN_EMPTY_BODY = YES;
				CLANG_WARN_ENUM_CONVERSION = YES;
				CLANG_WARN_INFINITE_RECURSION = YES;
				CLANG_WARN_INT_CONVERSION = YES;
				CLANG_WARN_OBJC_ROOT_CLASS = YES_ERROR;
				CLANG_WARN_SUSPICIOUS_MOVE = YES;
				CLANG_WARN_UNREACHABLE_CODE = YES;
				CLANG_WARN__DUPLICATE_METHOD_MATCH = YES;
				"CODE_SIGN_IDENTITY[sdk=iphoneos*]" = "iPhone Developer";
				COPY_PHASE_STRIP = NO;
				DEBUG_INFORMATION_FORMAT = "dwarf-with-dsym";
				ENABLE_NS_ASSERTIONS = NO;
				ENABLE_STRICT_OBJC_MSGSEND = YES;
				GCC_C_LANGUAGE_STANDARD = gnu99;
				GCC_NO_COMMON_BLOCKS = YES;
				GCC_WARN_64_TO_32_BIT_CONVERSION = YES;
				GCC_WARN_ABOUT_RETURN_TYPE = YES_ERROR;
				GCC_WARN_UNDECLARED_SELECTOR = YES;
				GCC_WARN_UNINITIALIZED_AUTOS = YES_AGGRESSIVE;
				GCC_WARN_UNUSED_FUNCTION = YES;
				GCC_WARN_UNUSED_VARIABLE = YES;
				IPHONEOS_DEPLOYMENT_TARGET = 10.3;
				MTL_ENABLE_DEBUG_INFO = NO;
				SDKROOT = iphoneos;
				SWIFT_OPTIMIZATION_LEVEL = "-Owholemodule";
				TARGETED_DEVICE_FAMILY = "1,2";
				VALIDATE_PRODUCT = YES;
			};
			name = Release;
		};
		5BB9A94C1F0D842E00BC5BAC /* Debug */ = {
			isa = XCBuildConfiguration;
			buildSettings = {
				ASSETCATALOG_COMPILER_APPICON_NAME = AppIcon;
				INFOPLIST_FILE = FoodTracker/Info.plist;
				LD_RUNPATH_SEARCH_PATHS = "$(inherited) @executable_path/Frameworks";
				PRODUCT_BUNDLE_IDENTIFIER = com.example.FoodTracker;
				PRODUCT_NAME = "$(TARGET_NAME)";
				SWIFT_VERSION = 3.0;
			};
			name = Debug;
		};
		5BB9A94D1F0D842E00BC5BAC /* Release */ = {
			isa = XCBuildConfiguration;
			buildSettings = {
				ASSETCATALOG_COMPILER_APPICON_NAME = AppIcon;
				INFOPLIST_FILE = FoodTracker/Info.plist;
				LD_RUNPATH_SEARCH_PATHS = "$(inherited) @executable_path/Frameworks";
				PRODUCT_BUNDLE_IDENTIFIER = com.example.FoodTracker;
				PRODUCT_NAME = "$(TARGET_NAME)";
				SWIFT_VERSION = 3.0;
			};
			name = Release;
		};
		5BB9A94F1F0D842E00BC5BAC /* Debug */ = {
			isa = XCBuildConfiguration;
			buildSettings = {
				ALWAYS_EMBED_SWIFT_STANDARD_LIBRARIES = YES;
				BUNDLE_LOADER = "$(TEST_HOST)";
				INFOPLIST_FILE = FoodTrackerTests/Info.plist;
				LD_RUNPATH_SEARCH_PATHS = "$(inherited) @executable_path/Frameworks @loader_path/Frameworks";
				PRODUCT_BUNDLE_IDENTIFIER = com.example.FoodTrackerTests;
				PRODUCT_NAME = "$(TARGET_NAME)";
				SWIFT_VERSION = 3.0;
				TEST_HOST = "$(BUILT_PRODUCTS_DIR)/FoodTracker.app/FoodTracker";
			};
			name = Debug;
		};
		5BB9A9501F0D842E00BC5BAC /* Release */ = {
			isa = XCBuildConfiguration;
			buildSettings = {
				ALWAYS_EMBED_SWIFT_STANDARD_LIBRARIES = YES;
				BUNDLE_LOADER = "$(TEST_HOST)";
				INFOPLIST_FILE = FoodTrackerTests/Info.plist;
				LD_RUNPATH_SEARCH_PATHS = "$(inherited) @executable_path/Frameworks @loader_path/Frameworks";
				PRODUCT_BUNDLE_IDENTIFIER = com.example.FoodTrackerTests;
				PRODUCT_NAME = "$(TARGET_NAME)";
				SWIFT_VERSION = 3.0;
				TEST_HOST = "$(BUILT_PRODUCTS_DIR)/FoodTracker.app/FoodTracker";
			};
			name = Release;
		};
/* End XCBuildConfiguration section */

/* Begin XCConfigurationList section */
		5BB9A9291F0D842E00BC5BAC /* Build configuration list for PBXProject "FoodTracker" */ = {
			isa = XCConfigurationList;
			buildConfigurations = (
				5BB9A9491F0D842E00BC5BAC /* Debug */,
				5BB9A94A1F0D842E00BC5BAC /* Release */,
			);
			defaultConfigurationIsVisible = 0;
			defaultConfigurationName = Release;
		};
		5BB9A94B1F0D842E00BC5BAC /* Build configuration list for PBXNativeTarget "FoodTracker" */ = {
			isa = XCConfigurationList;
			buildConfigurations = (
				5BB9A94C1F0D842E00BC5BAC /* Debug */,
				5BB9A94D1F0D842E00BC5BAC /* Release */,
			);
			defaultConfigurationIsVisible = 0;
			defaultConfigurationName = Release;
		};
		5BB9A94E1F0D842E00BC5BAC /* Build configuration list for PBXNativeTarget "FoodTrackerTests" */ = {
			isa = XCConfigurationList;
			buildConfigurations = (
				5BB9A94F1F0D842E00BC5BAC /* Debug */,
				5BB9A9501F0D842E00BC5BAC /* Release */,
			);
			defaultConfigurationIsVisible = 0;
			defaultConfigurationName = Release;
		};
/* End XCConfigurationList section */
	};
	rootObject = 5BB9A9261F0D842E00BC5BAC /* Project object */;
}
